
Microsoft Visual Studio Solution File, Format Version 12.00
# Visual Studio Version 17
VisualStudioVersion = 17.0.31903.59
MinimumVisualStudioVersion = 10.0.40219.1
Project("{2150E333-8FDC-42A3-9474-1A3956D46DE8}") = "KenseiECS.NET", "KenseiECS.NET", "{A5772DA4-83A3-EC0D-1FA5-C46CACE1F4CA}"
EndProject
Project("{FAE04EC0-301F-11D3-BF4B-00C04F79EFBC}") = "KenseiECS", "KenseiECS.NET\KenseiECS.csproj", "{113816FE-2991-4F38-ACEA-A70F7C7C34D6}"
EndProject
Project("{FAE04EC0-301F-11D3-BF4B-00C04F79EFBC}") = "KenseiECS.Tests", "KenseiECS.Tests\KenseiECS.Tests.csproj", "{31F9C40A-117F-4FA2-A7C7-1F2487189DD9}"
EndProject
Project("{FAE04EC0-301F-11D3-BF4B-00C04F79EFBC}") = "Benchmark", "Benchmark\Benchmark.csproj", "{8598836F-00DB-4A3B-95F3-E4DF43EA199A}"
EndProject
Project("{FAE04EC0-301F-11D3-BF4B-00C04F79EFBC}") = "Example", "Example\Example.csproj", "{E6743D1D-1654-49FE-BDDD-9AD42F58B005}"
EndProject
Global
	GlobalSection(SolutionConfigurationPlatforms) = preSolution
		Debug|Any CPU = Debug|Any CPU
		Debug|x64 = Debug|x64
		Debug|x86 = Debug|x86
		Release|Any CPU = Release|Any CPU
		Release|x64 = Release|x64
		Release|x86 = Release|x86
	EndGlobalSection
	GlobalSection(ProjectConfigurationPlatforms) = postSolution
		{113816FE-2991-4F38-ACEA-A70F7C7C34D6}.Debug|Any CPU.ActiveCfg = Debug|Any CPU
		{113816FE-2991-4F38-ACEA-A70F7C7C34D6}.Debug|Any CPU.Build.0 = Debug|Any CPU
		{113816FE-2991-4F38-ACEA-A70F7C7C34D6}.Debug|x64.ActiveCfg = Debug|Any CPU
		{113816FE-2991-4F38-ACEA-A70F7C7C34D6}.Debug|x64.Build.0 = Debug|Any CPU
		{113816FE-2991-4F38-ACEA-A70F7C7C34D6}.Debug|x86.ActiveCfg = Debug|Any CPU
		{113816FE-2991-4F38-ACEA-A70F7C7C34D6}.Debug|x86.Build.0 = Debug|Any CPU
		{113816FE-2991-4F38-ACEA-A70F7C7C34D6}.Release|Any CPU.ActiveCfg = Release|Any CPU
		{113816FE-2991-4F38-ACEA-A70F7C7C34D6}.Release|Any CPU.Build.0 = Release|Any CPU
		{113816FE-2991-4F38-ACEA-A70F7C7C34D6}.Release|x64.ActiveCfg = Release|Any CPU
		{113816FE-2991-4F38-ACEA-A70F7C7C34D6}.Release|x64.Build.0 = Release|Any CPU
		{113816FE-2991-4F38-ACEA-A70F7C7C34D6}.Release|x86.ActiveCfg = Release|Any CPU
		{113816FE-2991-4F38-ACEA-A70F7C7C34D6}.Release|x86.Build.0 = Release|Any CPU
		{31F9C40A-117F-4FA2-A7C7-1F2487189DD9}.Debug|Any CPU.ActiveCfg = Debug|Any CPU
		{31F9C40A-117F-4FA2-A7C7-1F2487189DD9}.Debug|Any CPU.Build.0 = Debug|Any CPU
		{31F9C40A-117F-4FA2-A7C7-1F2487189DD9}.Debug|x64.ActiveCfg = Debug|Any CPU
		{31F9C40A-117F-4FA2-A7C7-1F2487189DD9}.Debug|x64.Build.0 = Debug|Any CPU
		{31F9C40A-117F-4FA2-A7C7-1F2487189DD9}.Debug|x86.ActiveCfg = Debug|Any CPU
		{31F9C40A-117F-4FA2-A7C7-1F2487189DD9}.Debug|x86.Build.0 = Debug|Any CPU
		{31F9C40A-117F-4FA2-A7C7-1F2487189DD9}.Release|Any CPU.ActiveCfg = Release|Any CPU
		{31F9C40A-117F-4FA2-A7C7-1F2487189DD9}.Release|Any CPU.Build.0 = Release|Any CPU
		{31F9C40A-117F-4FA2-A7C7-1F2487189DD9}.Release|x64.ActiveCfg = Release|Any CPU
		{31F9C40A-117F-4FA2-A7C7-1F2487189DD9}.Release|x64.Build.0 = Release|Any CPU
		{31F9C40A-117F-4FA2-A7C7-1F2487189DD9}.Release|x86.ActiveCfg = Release|Any CPU
		{31F9C40A-117F-4FA2-A7C7-1F2487189DD9}.Release|x86.Build.0 = Release|Any CPU
		{8598836F-00DB-4A3B-95F3-E4DF43EA199A}.Debug|Any CPU.ActiveCfg = Debug|Any CPU
		{8598836F-00DB-4A3B-95F3-E4DF43EA199A}.Debug|Any CPU.Build.0 = Debug|Any CPU
		{8598836F-00DB-4A3B-95F3-E4DF43EA199A}.Debug|x64.ActiveCfg = Debug|Any CPU
		{8598836F-00DB-4A3B-95F3-E4DF43EA199A}.Debug|x64.Build.0 = Debug|Any CPU
		{8598836F-00DB-4A3B-95F3-E4DF43EA199A}.Debug|x86.ActiveCfg = Debug|Any CPU
		{8598836F-00DB-4A3B-95F3-E4DF43EA199A}.Debug|x86.Build.0 = Debug|Any CPU
		{8598836F-00DB-4A3B-95F3-E4DF43EA199A}.Release|Any CPU.ActiveCfg = Release|Any CPU
		{8598836F-00DB-4A3B-95F3-E4DF43EA199A}.Release|Any CPU.Build.0 = Release|Any CPU
		{8598836F-00DB-4A3B-95F3-E4DF43EA199A}.Release|x64.ActiveCfg = Release|Any CPU
		{8598836F-00DB-4A3B-95F3-E4DF43EA199A}.Release|x64.Build.0 = Release|Any CPU
		{8598836F-00DB-4A3B-95F3-E4DF43EA199A}.Release|x86.ActiveCfg = Release|Any CPU
		{8598836F-00DB-4A3B-95F3-E4DF43EA199A}.Release|x86.Build.0 = Release|Any CPU
		{E6743D1D-1654-49FE-BDDD-9AD42F58B005}.Debug|Any CPU.ActiveCfg = Debug|Any CPU
		{E6743D1D-1654-49FE-BDDD-9AD42F58B005}.Debug|Any CPU.Build.0 = Debug|Any CPU
		{E6743D1D-1654-49FE-BDDD-9AD42F58B005}.Debug|x64.ActiveCfg = Debug|Any CPU
		{E6743D1D-1654-49FE-BDDD-9AD42F58B005}.Debug|x64.Build.0 = Debug|Any CPU
		{E6743D1D-1654-49FE-BDDD-9AD42F58B005}.Debug|x86.ActiveCfg = Debug|Any CPU
		{E6743D1D-1654-49FE-BDDD-9AD42F58B005}.Debug|x86.Build.0 = Debug|Any CPU
		{E6743D1D-1654-49FE-BDDD-9AD42F58B005}.Release|Any CPU.ActiveCfg = Release|Any CPU
		{E6743D1D-1654-49FE-BDDD-9AD42F58B005}.Release|Any CPU.Build.0 = Release|Any CPU
		{E6743D1D-1654-49FE-BDDD-9AD42F58B005}.Release|x64.ActiveCfg = Release|Any CPU
		{E6743D1D-1654-49FE-BDDD-9AD42F58B005}.Release|x64.Build.0 = Release|Any CPU
		{E6743D1D-1654-49FE-BDDD-9AD42F58B005}.Release|x86.ActiveCfg = Release|Any CPU
		{E6743D1D-1654-49FE-BDDD-9AD42F58B005}.Release|x86.Build.0 = Release|Any CPU
	EndGlobalSection
	GlobalSection(SolutionProperties) = preSolution
		HideSolutionNode = FALSE
	EndGlobalSection
	GlobalSection(NestedProjects) = preSolution
		{113816FE-2991-4F38-ACEA-A70F7C7C34D6} = {A5772DA4-83A3-EC0D-1FA5-C46CACE1F4CA}
		{31F9C40A-117F-4FA2-A7C7-1F2487189DD9} = {A5772DA4-83A3-EC0D-1FA5-C46CACE1F4CA}
		{8598836F-00DB-4A3B-95F3-E4DF43EA199A} = {A5772DA4-83A3-EC0D-1FA5-C46CACE1F4CA}
		{E6743D1D-1654-49FE-BDDD-9AD42F58B005} = {A5772DA4-83A3-EC0D-1FA5-C46CACE1F4CA}
	EndGlobalSection
EndGlobal
